
Microsoft Visual Studio Solution File, Format Version 12.00
# Visual Studio 15
VisualStudioVersion = 15.0.28307.106
MinimumVisualStudioVersion = 10.0.40219.1
Project("{9A19103F-16F7-4668-BE54-9A1E7A4F7556}") = "OpenApiProvider", "kcd-open-api-provider-live-dev\OpenApiProvider.csproj", "{A8D55293-B594-46ED-AFD8-29F28AB9A882}"
EndProject
Global
	GlobalSection(SolutionConfigurationPlatforms) = preSolution
		Debug|Any CPU = Debug|Any CPU
		Release|Any CPU = Release|Any CPU
	EndGlobalSection
	GlobalSection(ProjectConfigurationPlatforms) = postSolution
		{A8D55293-B594-46ED-AFD8-29F28AB9A882}.Debug|Any CPU.ActiveCfg = Debug|Any CPU
		{A8D55293-B594-46ED-AFD8-29F28AB9A882}.Debug|Any CPU.Build.0 = Debug|Any CPU
		{A8D55293-B594-46ED-AFD8-29F28AB9A882}.Release|Any CPU.ActiveCfg = Release|Any CPU
		{A8D55293-B594-46ED-AFD8-29F28AB9A882}.Release|Any CPU.Build.0 = Release|Any CPU
	EndGlobalSection
	GlobalSection(SolutionProperties) = preSolution
		HideSolutionNode = FALSE
	EndGlobalSection
	GlobalSection(ExtensibilityGlobals) = postSolution
		SolutionGuid = {52E0DFAD-69C0-44ED-99D4-8FD7E0AF33E5}
	EndGlobalSection
EndGlobal
